// !$*UTF8*$!
{
	archiveVersion = 1;
	classes = {
	};
	objectVersion = 54;
	objects = {

/* Begin PBXBuildFile section */
		00E356F31AD99517003FC87E /* DdaitTests.m in Sources */ = {isa = PBXBuildFile; fileRef = 00E356F21AD99517003FC87E /* DdaitTests.m */; };
		01F0B76A030845FABBCE3974 /* Pretendard-SemiBold.ttf in Resources */ = {isa = PBXBuildFile; fileRef = 375D8917611F40B09B016AB4 /* Pretendard-SemiBold.ttf */; };
		04E7CE7FD119E60CFF4A85E6 /* libPods-Ddait-DdaitTests.a in Frameworks */ = {isa = PBXBuildFile; fileRef = 8C03CB4AF41E87D611873B1F /* libPods-Ddait-DdaitTests.a */; };
		13B07FBC1A68108700A75B9A /* AppDelegate.mm in Sources */ = {isa = PBXBuildFile; fileRef = 13B07FB01A68108700A75B9A /* AppDelegate.mm */; };
		13B07FBF1A68108700A75B9A /* Images.xcassets in Resources */ = {isa = PBXBuildFile; fileRef = 13B07FB51A68108700A75B9A /* Images.xcassets */; };
		13B07FC11A68108700A75B9A /* main.m in Sources */ = {isa = PBXBuildFile; fileRef = 13B07FB71A68108700A75B9A /* main.m */; };
		1406B87E2C7720710093ACAB /* AntDesign.ttf in Resources */ = {isa = PBXBuildFile; fileRef = 1406B86A2C7720710093ACAB /* AntDesign.ttf */; };
		1406B87F2C7720710093ACAB /* Entypo.ttf in Resources */ = {isa = PBXBuildFile; fileRef = 1406B86B2C7720710093ACAB /* Entypo.ttf */; };
		1406B8802C7720710093ACAB /* EvilIcons.ttf in Resources */ = {isa = PBXBuildFile; fileRef = 1406B86C2C7720710093ACAB /* EvilIcons.ttf */; };
		1406B8812C7720710093ACAB /* Feather.ttf in Resources */ = {isa = PBXBuildFile; fileRef = 1406B86D2C7720710093ACAB /* Feather.ttf */; };
		1406B8822C7720710093ACAB /* FontAwesome.ttf in Resources */ = {isa = PBXBuildFile; fileRef = 1406B86E2C7720710093ACAB /* FontAwesome.ttf */; };
		1406B8832C7720710093ACAB /* FontAwesome5_Brands.ttf in Resources */ = {isa = PBXBuildFile; fileRef = 1406B86F2C7720710093ACAB /* FontAwesome5_Brands.ttf */; };
		1406B8842C7720710093ACAB /* FontAwesome5_Regular.ttf in Resources */ = {isa = PBXBuildFile; fileRef = 1406B8702C7720710093ACAB /* FontAwesome5_Regular.ttf */; };
		1406B8852C7720710093ACAB /* FontAwesome5_Solid.ttf in Resources */ = {isa = PBXBuildFile; fileRef = 1406B8712C7720710093ACAB /* FontAwesome5_Solid.ttf */; };
		1406B8862C7720710093ACAB /* FontAwesome6_Brands.ttf in Resources */ = {isa = PBXBuildFile; fileRef = 1406B8722C7720710093ACAB /* FontAwesome6_Brands.ttf */; };
		1406B8872C7720710093ACAB /* FontAwesome6_Regular.ttf in Resources */ = {isa = PBXBuildFile; fileRef = 1406B8732C7720710093ACAB /* FontAwesome6_Regular.ttf */; };
		1406B8882C7720710093ACAB /* FontAwesome6_Solid.ttf in Resources */ = {isa = PBXBuildFile; fileRef = 1406B8742C7720710093ACAB /* FontAwesome6_Solid.ttf */; };
		1406B8892C7720710093ACAB /* Fontisto.ttf in Resources */ = {isa = PBXBuildFile; fileRef = 1406B8752C7720710093ACAB /* Fontisto.ttf */; };
		1406B88A2C7720710093ACAB /* Foundation.ttf in Resources */ = {isa = PBXBuildFile; fileRef = 1406B8762C7720710093ACAB /* Foundation.ttf */; };
		1406B88B2C7720710093ACAB /* Ionicons.ttf in Resources */ = {isa = PBXBuildFile; fileRef = 1406B8772C7720710093ACAB /* Ionicons.ttf */; };
		1406B88C2C7720710093ACAB /* MaterialCommunityIcons.ttf in Resources */ = {isa = PBXBuildFile; fileRef = 1406B8782C7720710093ACAB /* MaterialCommunityIcons.ttf */; };
		1406B88D2C7720710093ACAB /* MaterialIcons.ttf in Resources */ = {isa = PBXBuildFile; fileRef = 1406B8792C7720710093ACAB /* MaterialIcons.ttf */; };
		1406B88E2C7720710093ACAB /* Octicons.ttf in Resources */ = {isa = PBXBuildFile; fileRef = 1406B87A2C7720710093ACAB /* Octicons.ttf */; };
		1406B88F2C7720710093ACAB /* SimpleLineIcons.ttf in Resources */ = {isa = PBXBuildFile; fileRef = 1406B87B2C7720710093ACAB /* SimpleLineIcons.ttf */; };
		1406B8902C7720710093ACAB /* Zocial.ttf in Resources */ = {isa = PBXBuildFile; fileRef = 1406B87C2C7720710093ACAB /* Zocial.ttf */; };
		507B9384524BD88048DAB5CC /* PrivacyInfo.xcprivacy in Resources */ = {isa = PBXBuildFile; fileRef = 44FC95DB09621425A07B7FA2 /* PrivacyInfo.xcprivacy */; };
		6D80E81D7233CB0D88861016 /* libPods-Ddait.a in Frameworks */ = {isa = PBXBuildFile; fileRef = 0220C84042C899CEEBA31C53 /* libPods-Ddait.a */; };
		6F028A37B71E4F52B0EE8EC0 /* Pretendard-Regular.ttf in Resources */ = {isa = PBXBuildFile; fileRef = E2A2E92AB80F4912AA434550 /* Pretendard-Regular.ttf */; };
		6FDCB7FFF3314BC68F9BC88B /* Pretendard-Bold.ttf in Resources */ = {isa = PBXBuildFile; fileRef = B636BD93441F4CDE96BA63DE /* Pretendard-Bold.ttf */; };
		81AB9BB82411601600AC10FF /* LaunchScreen.storyboard in Resources */ = {isa = PBXBuildFile; fileRef = 81AB9BB72411601600AC10FF /* LaunchScreen.storyboard */; };
		964D9C9035774C35BFB9670B /* Pretendard-Light.ttf in Resources */ = {isa = PBXBuildFile; fileRef = 7A45DF145EBD4EAF9B4A4B66 /* Pretendard-Light.ttf */; };
		AAD7BC2EF57742548C171237 /* Pretendard-Medium.ttf in Resources */ = {isa = PBXBuildFile; fileRef = AB61AD19EC504652861D62E1 /* Pretendard-Medium.ttf */; };
/* End PBXBuildFile section */

/* Begin PBXContainerItemProxy section */
		00E356F41AD99517003FC87E /* PBXContainerItemProxy */ = {
			isa = PBXContainerItemProxy;
			containerPortal = 83CBB9F71A601CBA00E9B192 /* Project object */;
			proxyType = 1;
			remoteGlobalIDString = 13B07F861A680F5B00A75B9A;
			remoteInfo = Ddait;
		};
/* End PBXContainerItemProxy section */

/* Begin PBXFileReference section */
		00E356EE1AD99517003FC87E /* DdaitTests.xctest */ = {isa = PBXFileReference; explicitFileType = wrapper.cfbundle; includeInIndex = 0; path = DdaitTests.xctest; sourceTree = BUILT_PRODUCTS_DIR; };
		00E356F11AD99517003FC87E /* Info.plist */ = {isa = PBXFileReference; lastKnownFileType = text.plist.xml; path = Info.plist; sourceTree = "<group>"; };
		00E356F21AD99517003FC87E /* DdaitTests.m */ = {isa = PBXFileReference; lastKnownFileType = sourcecode.c.objc; path = DdaitTests.m; sourceTree = "<group>"; };
		0220C84042C899CEEBA31C53 /* libPods-Ddait.a */ = {isa = PBXFileReference; explicitFileType = archive.ar; includeInIndex = 0; path = "libPods-Ddait.a"; sourceTree = BUILT_PRODUCTS_DIR; };
		0504E689264DEB9B76357077 /* Pods-Ddait.release.xcconfig */ = {isa = PBXFileReference; includeInIndex = 1; lastKnownFileType = text.xcconfig; name = "Pods-Ddait.release.xcconfig"; path = "Target Support Files/Pods-Ddait/Pods-Ddait.release.xcconfig"; sourceTree = "<group>"; };
		13B07F961A680F5B00A75B9A /* Ddait.app */ = {isa = PBXFileReference; explicitFileType = wrapper.application; includeInIndex = 0; path = Ddait.app; sourceTree = BUILT_PRODUCTS_DIR; };
		13B07FAF1A68108700A75B9A /* AppDelegate.h */ = {isa = PBXFileReference; fileEncoding = 4; lastKnownFileType = sourcecode.c.h; name = AppDelegate.h; path = Ddait/AppDelegate.h; sourceTree = "<group>"; };
		13B07FB01A68108700A75B9A /* AppDelegate.mm */ = {isa = PBXFileReference; fileEncoding = 4; lastKnownFileType = sourcecode.cpp.objcpp; name = AppDelegate.mm; path = Ddait/AppDelegate.mm; sourceTree = "<group>"; };
		13B07FB51A68108700A75B9A /* Images.xcassets */ = {isa = PBXFileReference; lastKnownFileType = folder.assetcatalog; name = Images.xcassets; path = Ddait/Images.xcassets; sourceTree = "<group>"; };
		13B07FB61A68108700A75B9A /* Info.plist */ = {isa = PBXFileReference; fileEncoding = 4; lastKnownFileType = text.plist.xml; name = Info.plist; path = Ddait/Info.plist; sourceTree = "<group>"; };
		13B07FB71A68108700A75B9A /* main.m */ = {isa = PBXFileReference; fileEncoding = 4; lastKnownFileType = sourcecode.c.objc; name = main.m; path = Ddait/main.m; sourceTree = "<group>"; };
		13B07FB81A68108700A75B9A /* PrivacyInfo.xcprivacy */ = {isa = PBXFileReference; fileEncoding = 4; lastKnownFileType = text.plist.xml; name = PrivacyInfo.xcprivacy; path = Ddait/PrivacyInfo.xcprivacy; sourceTree = "<group>"; };
		1406B86A2C7720710093ACAB /* AntDesign.ttf */ = {isa = PBXFileReference; lastKnownFileType = file; path = AntDesign.ttf; sourceTree = "<group>"; };
		1406B86B2C7720710093ACAB /* Entypo.ttf */ = {isa = PBXFileReference; lastKnownFileType = file; path = Entypo.ttf; sourceTree = "<group>"; };
		1406B86C2C7720710093ACAB /* EvilIcons.ttf */ = {isa = PBXFileReference; lastKnownFileType = file; path = EvilIcons.ttf; sourceTree = "<group>"; };
		1406B86D2C7720710093ACAB /* Feather.ttf */ = {isa = PBXFileReference; lastKnownFileType = file; path = Feather.ttf; sourceTree = "<group>"; };
		1406B86E2C7720710093ACAB /* FontAwesome.ttf */ = {isa = PBXFileReference; lastKnownFileType = file; path = FontAwesome.ttf; sourceTree = "<group>"; };
		1406B86F2C7720710093ACAB /* FontAwesome5_Brands.ttf */ = {isa = PBXFileReference; lastKnownFileType = file; path = FontAwesome5_Brands.ttf; sourceTree = "<group>"; };
		1406B8702C7720710093ACAB /* FontAwesome5_Regular.ttf */ = {isa = PBXFileReference; lastKnownFileType = file; path = FontAwesome5_Regular.ttf; sourceTree = "<group>"; };
		1406B8712C7720710093ACAB /* FontAwesome5_Solid.ttf */ = {isa = PBXFileReference; lastKnownFileType = file; path = FontAwesome5_Solid.ttf; sourceTree = "<group>"; };
		1406B8722C7720710093ACAB /* FontAwesome6_Brands.ttf */ = {isa = PBXFileReference; lastKnownFileType = file; path = FontAwesome6_Brands.ttf; sourceTree = "<group>"; };
		1406B8732C7720710093ACAB /* FontAwesome6_Regular.ttf */ = {isa = PBXFileReference; lastKnownFileType = file; path = FontAwesome6_Regular.ttf; sourceTree = "<group>"; };
		1406B8742C7720710093ACAB /* FontAwesome6_Solid.ttf */ = {isa = PBXFileReference; lastKnownFileType = file; path = FontAwesome6_Solid.ttf; sourceTree = "<group>"; };
		1406B8752C7720710093ACAB /* Fontisto.ttf */ = {isa = PBXFileReference; lastKnownFileType = file; path = Fontisto.ttf; sourceTree = "<group>"; };
		1406B8762C7720710093ACAB /* Foundation.ttf */ = {isa = PBXFileReference; lastKnownFileType = file; path = Foundation.ttf; sourceTree = "<group>"; };
		1406B8772C7720710093ACAB /* Ionicons.ttf */ = {isa = PBXFileReference; lastKnownFileType = file; path = Ionicons.ttf; sourceTree = "<group>"; };
		1406B8782C7720710093ACAB /* MaterialCommunityIcons.ttf */ = {isa = PBXFileReference; lastKnownFileType = file; path = MaterialCommunityIcons.ttf; sourceTree = "<group>"; };
		1406B8792C7720710093ACAB /* MaterialIcons.ttf */ = {isa = PBXFileReference; lastKnownFileType = file; path = MaterialIcons.ttf; sourceTree = "<group>"; };
		1406B87A2C7720710093ACAB /* Octicons.ttf */ = {isa = PBXFileReference; lastKnownFileType = file; path = Octicons.ttf; sourceTree = "<group>"; };
		1406B87B2C7720710093ACAB /* SimpleLineIcons.ttf */ = {isa = PBXFileReference; lastKnownFileType = file; path = SimpleLineIcons.ttf; sourceTree = "<group>"; };
		1406B87C2C7720710093ACAB /* Zocial.ttf */ = {isa = PBXFileReference; lastKnownFileType = file; path = Zocial.ttf; sourceTree = "<group>"; };
		375D8917611F40B09B016AB4 /* Pretendard-SemiBold.ttf */ = {isa = PBXFileReference; explicitFileType = undefined; fileEncoding = undefined; includeInIndex = 0; lastKnownFileType = unknown; name = "Pretendard-SemiBold.ttf"; path = "../src/assets/fonts/Pretendard-SemiBold.ttf"; sourceTree = "<group>"; };
		44FC95DB09621425A07B7FA2 /* PrivacyInfo.xcprivacy */ = {isa = PBXFileReference; includeInIndex = 1; lastKnownFileType = text.xml; name = PrivacyInfo.xcprivacy; path = Ddait/PrivacyInfo.xcprivacy; sourceTree = "<group>"; };
		4906C40C219313578A654BB0 /* Pods-Ddait-DdaitTests.release.xcconfig */ = {isa = PBXFileReference; includeInIndex = 1; lastKnownFileType = text.xcconfig; name = "Pods-Ddait-DdaitTests.release.xcconfig"; path = "Target Support Files/Pods-Ddait-DdaitTests/Pods-Ddait-DdaitTests.release.xcconfig"; sourceTree = "<group>"; };
		7A45DF145EBD4EAF9B4A4B66 /* Pretendard-Light.ttf */ = {isa = PBXFileReference; explicitFileType = undefined; fileEncoding = undefined; includeInIndex = 0; lastKnownFileType = unknown; name = "Pretendard-Light.ttf"; path = "../src/assets/fonts/Pretendard-Light.ttf"; sourceTree = "<group>"; };
		81AB9BB72411601600AC10FF /* LaunchScreen.storyboard */ = {isa = PBXFileReference; fileEncoding = 4; lastKnownFileType = file.storyboard; name = LaunchScreen.storyboard; path = Ddait/LaunchScreen.storyboard; sourceTree = "<group>"; };
		879E6EBDC619BEABB4C53965 /* Pods-Ddait.debug.xcconfig */ = {isa = PBXFileReference; includeInIndex = 1; lastKnownFileType = text.xcconfig; name = "Pods-Ddait.debug.xcconfig"; path = "Target Support Files/Pods-Ddait/Pods-Ddait.debug.xcconfig"; sourceTree = "<group>"; };
		8C03CB4AF41E87D611873B1F /* libPods-Ddait-DdaitTests.a */ = {isa = PBXFileReference; explicitFileType = archive.ar; includeInIndex = 0; path = "libPods-Ddait-DdaitTests.a"; sourceTree = BUILT_PRODUCTS_DIR; };
		AB61AD19EC504652861D62E1 /* Pretendard-Medium.ttf */ = {isa = PBXFileReference; explicitFileType = undefined; fileEncoding = undefined; includeInIndex = 0; lastKnownFileType = unknown; name = "Pretendard-Medium.ttf"; path = "../src/assets/fonts/Pretendard-Medium.ttf"; sourceTree = "<group>"; };
		B636BD93441F4CDE96BA63DE /* Pretendard-Bold.ttf */ = {isa = PBXFileReference; explicitFileType = undefined; fileEncoding = undefined; includeInIndex = 0; lastKnownFileType = unknown; name = "Pretendard-Bold.ttf"; path = "../src/assets/fonts/Pretendard-Bold.ttf"; sourceTree = "<group>"; };
		CA446C11D1AD7A90361F9C61 /* Pods-Ddait-DdaitTests.debug.xcconfig */ = {isa = PBXFileReference; includeInIndex = 1; lastKnownFileType = text.xcconfig; name = "Pods-Ddait-DdaitTests.debug.xcconfig"; path = "Target Support Files/Pods-Ddait-DdaitTests/Pods-Ddait-DdaitTests.debug.xcconfig"; sourceTree = "<group>"; };
		E2A2E92AB80F4912AA434550 /* Pretendard-Regular.ttf */ = {isa = PBXFileReference; explicitFileType = undefined; fileEncoding = undefined; includeInIndex = 0; lastKnownFileType = unknown; name = "Pretendard-Regular.ttf"; path = "../src/assets/fonts/Pretendard-Regular.ttf"; sourceTree = "<group>"; };
		ED297162215061F000B7C4FE /* JavaScriptCore.framework */ = {isa = PBXFileReference; lastKnownFileType = wrapper.framework; name = JavaScriptCore.framework; path = System/Library/Frameworks/JavaScriptCore.framework; sourceTree = SDKROOT; };
/* End PBXFileReference section */

/* Begin PBXFrameworksBuildPhase section */
		00E356EB1AD99517003FC87E /* Frameworks */ = {
			isa = PBXFrameworksBuildPhase;
			buildActionMask = 2147483647;
			files = (
				04E7CE7FD119E60CFF4A85E6 /* libPods-Ddait-DdaitTests.a in Frameworks */,
			);
			runOnlyForDeploymentPostprocessing = 0;
		};
		13B07F8C1A680F5B00A75B9A /* Frameworks */ = {
			isa = PBXFrameworksBuildPhase;
			buildActionMask = 2147483647;
			files = (
				6D80E81D7233CB0D88861016 /* libPods-Ddait.a in Frameworks */,
			);
			runOnlyForDeploymentPostprocessing = 0;
		};
/* End PBXFrameworksBuildPhase section */

/* Begin PBXGroup section */
		00E356EF1AD99517003FC87E /* DdaitTests */ = {
			isa = PBXGroup;
			children = (
				00E356F21AD99517003FC87E /* DdaitTests.m */,
				00E356F01AD99517003FC87E /* Supporting Files */,
			);
			path = DdaitTests;
			sourceTree = "<group>";
		};
		00E356F01AD99517003FC87E /* Supporting Files */ = {
			isa = PBXGroup;
			children = (
				00E356F11AD99517003FC87E /* Info.plist */,
			);
			name = "Supporting Files";
			sourceTree = "<group>";
		};
		13B07FAE1A68108700A75B9A /* Ddait */ = {
			isa = PBXGroup;
			children = (
				1406B87D2C7720710093ACAB /* Fonts */,
				13B07FAF1A68108700A75B9A /* AppDelegate.h */,
				13B07FB01A68108700A75B9A /* AppDelegate.mm */,
				13B07FB51A68108700A75B9A /* Images.xcassets */,
				13B07FB61A68108700A75B9A /* Info.plist */,
				81AB9BB72411601600AC10FF /* LaunchScreen.storyboard */,
				13B07FB71A68108700A75B9A /* main.m */,
				13B07FB81A68108700A75B9A /* PrivacyInfo.xcprivacy */,
				44FC95DB09621425A07B7FA2 /* PrivacyInfo.xcprivacy */,
			);
			name = Ddait;
			sourceTree = "<group>";
		};
		1406B87D2C7720710093ACAB /* Fonts */ = {
			isa = PBXGroup;
			children = (
				1406B86A2C7720710093ACAB /* AntDesign.ttf */,
				1406B86B2C7720710093ACAB /* Entypo.ttf */,
				1406B86C2C7720710093ACAB /* EvilIcons.ttf */,
				1406B86D2C7720710093ACAB /* Feather.ttf */,
				1406B86E2C7720710093ACAB /* FontAwesome.ttf */,
				1406B86F2C7720710093ACAB /* FontAwesome5_Brands.ttf */,
				1406B8702C7720710093ACAB /* FontAwesome5_Regular.ttf */,
				1406B8712C7720710093ACAB /* FontAwesome5_Solid.ttf */,
				1406B8722C7720710093ACAB /* FontAwesome6_Brands.ttf */,
				1406B8732C7720710093ACAB /* FontAwesome6_Regular.ttf */,
				1406B8742C7720710093ACAB /* FontAwesome6_Solid.ttf */,
				1406B8752C7720710093ACAB /* Fontisto.ttf */,
				1406B8762C7720710093ACAB /* Foundation.ttf */,
				1406B8772C7720710093ACAB /* Ionicons.ttf */,
				1406B8782C7720710093ACAB /* MaterialCommunityIcons.ttf */,
				1406B8792C7720710093ACAB /* MaterialIcons.ttf */,
				1406B87A2C7720710093ACAB /* Octicons.ttf */,
				1406B87B2C7720710093ACAB /* SimpleLineIcons.ttf */,
				1406B87C2C7720710093ACAB /* Zocial.ttf */,
			);
			name = Fonts;
			path = "../node_modules/react-native-vector-icons/Fonts";
			sourceTree = "<group>";
		};
		2D16E6871FA4F8E400B85C8A /* Frameworks */ = {
			isa = PBXGroup;
			children = (
				ED297162215061F000B7C4FE /* JavaScriptCore.framework */,
				0220C84042C899CEEBA31C53 /* libPods-Ddait.a */,
				8C03CB4AF41E87D611873B1F /* libPods-Ddait-DdaitTests.a */,
			);
			name = Frameworks;
			sourceTree = "<group>";
		};
		832341AE1AAA6A7D00B99B32 /* Libraries */ = {
			isa = PBXGroup;
			children = (
			);
			name = Libraries;
			sourceTree = "<group>";
		};
		83CBB9F61A601CBA00E9B192 = {
			isa = PBXGroup;
			children = (
				13B07FAE1A68108700A75B9A /* Ddait */,
				832341AE1AAA6A7D00B99B32 /* Libraries */,
				00E356EF1AD99517003FC87E /* DdaitTests */,
				83CBBA001A601CBA00E9B192 /* Products */,
				2D16E6871FA4F8E400B85C8A /* Frameworks */,
				BBD78D7AC51CEA395F1C20DB /* Pods */,
				B27343BE652A4EC18B96D92C /* Resources */,
			);
			indentWidth = 2;
			sourceTree = "<group>";
			tabWidth = 2;
			usesTabs = 0;
		};
		83CBBA001A601CBA00E9B192 /* Products */ = {
			isa = PBXGroup;
			children = (
				13B07F961A680F5B00A75B9A /* Ddait.app */,
				00E356EE1AD99517003FC87E /* DdaitTests.xctest */,
			);
			name = Products;
			sourceTree = "<group>";
		};
		B27343BE652A4EC18B96D92C /* Resources */ = {
			isa = PBXGroup;
			children = (
				B636BD93441F4CDE96BA63DE /* Pretendard-Bold.ttf */,
				AB61AD19EC504652861D62E1 /* Pretendard-Medium.ttf */,
				E2A2E92AB80F4912AA434550 /* Pretendard-Regular.ttf */,
				375D8917611F40B09B016AB4 /* Pretendard-SemiBold.ttf */,
				7A45DF145EBD4EAF9B4A4B66 /* Pretendard-Light.ttf */,
			);
			name = Resources;
			path = "";
			sourceTree = "<group>";
		};
		BBD78D7AC51CEA395F1C20DB /* Pods */ = {
			isa = PBXGroup;
			children = (
				879E6EBDC619BEABB4C53965 /* Pods-Ddait.debug.xcconfig */,
				0504E689264DEB9B76357077 /* Pods-Ddait.release.xcconfig */,
				CA446C11D1AD7A90361F9C61 /* Pods-Ddait-DdaitTests.debug.xcconfig */,
				4906C40C219313578A654BB0 /* Pods-Ddait-DdaitTests.release.xcconfig */,
			);
			path = Pods;
			sourceTree = "<group>";
		};
/* End PBXGroup section */

/* Begin PBXNativeTarget section */
		00E356ED1AD99517003FC87E /* DdaitTests */ = {
			isa = PBXNativeTarget;
			buildConfigurationList = 00E357021AD99517003FC87E /* Build configuration list for PBXNativeTarget "DdaitTests" */;
			buildPhases = (
				517217A02204937FF656ACD6 /* [CP] Check Pods Manifest.lock */,
				00E356EA1AD99517003FC87E /* Sources */,
				00E356EB1AD99517003FC87E /* Frameworks */,
				00E356EC1AD99517003FC87E /* Resources */,
				53FE38DF494C4CA2FFF4EA9F /* [CP] Embed Pods Frameworks */,
				465ACB123B4F5BA810C68738 /* [CP] Copy Pods Resources */,
			);
			buildRules = (
			);
			dependencies = (
				00E356F51AD99517003FC87E /* PBXTargetDependency */,
			);
			name = DdaitTests;
			productName = DdaitTests;
			productReference = 00E356EE1AD99517003FC87E /* DdaitTests.xctest */;
			productType = "com.apple.product-type.bundle.unit-test";
		};
		13B07F861A680F5B00A75B9A /* Ddait */ = {
			isa = PBXNativeTarget;
			buildConfigurationList = 13B07F931A680F5B00A75B9A /* Build configuration list for PBXNativeTarget "Ddait" */;
			buildPhases = (
				EA868B249848A6E85E709CE8 /* [CP] Check Pods Manifest.lock */,
				13B07F871A680F5B00A75B9A /* Sources */,
				13B07F8C1A680F5B00A75B9A /* Frameworks */,
				13B07F8E1A680F5B00A75B9A /* Resources */,
				00DD1BFF1BD5951E006B06BC /* Bundle React Native code and images */,
				95C3C58379DFCDDA18CFE224 /* [CP] Embed Pods Frameworks */,
				6948EB83333914D4746BC08D /* [CP] Copy Pods Resources */,
			);
			buildRules = (
			);
			dependencies = (
			);
			name = Ddait;
			productName = Ddait;
			productReference = 13B07F961A680F5B00A75B9A /* Ddait.app */;
			productType = "com.apple.product-type.application";
		};
/* End PBXNativeTarget section */

/* Begin PBXProject section */
		83CBB9F71A601CBA00E9B192 /* Project object */ = {
			isa = PBXProject;
			attributes = {
				LastUpgradeCheck = 1210;
				TargetAttributes = {
					00E356ED1AD99517003FC87E = {
						CreatedOnToolsVersion = 6.2;
						TestTargetID = 13B07F861A680F5B00A75B9A;
					};
					13B07F861A680F5B00A75B9A = {
						LastSwiftMigration = 1120;
					};
				};
			};
			buildConfigurationList = 83CBB9FA1A601CBA00E9B192 /* Build configuration list for PBXProject "Ddait" */;
			compatibilityVersion = "Xcode 12.0";
			developmentRegion = en;
			hasScannedForEncodings = 0;
			knownRegions = (
				en,
				Base,
			);
			mainGroup = 83CBB9F61A601CBA00E9B192;
			productRefGroup = 83CBBA001A601CBA00E9B192 /* Products */;
			projectDirPath = "";
			projectRoot = "";
			targets = (
				13B07F861A680F5B00A75B9A /* Ddait */,
				00E356ED1AD99517003FC87E /* DdaitTests */,
			);
		};
/* End PBXProject section */

/* Begin PBXResourcesBuildPhase section */
		00E356EC1AD99517003FC87E /* Resources */ = {
			isa = PBXResourcesBuildPhase;
			buildActionMask = 2147483647;
			files = (
			);
			runOnlyForDeploymentPostprocessing = 0;
		};
		13B07F8E1A680F5B00A75B9A /* Resources */ = {
			isa = PBXResourcesBuildPhase;
			buildActionMask = 2147483647;
			files = (
				81AB9BB82411601600AC10FF /* LaunchScreen.storyboard in Resources */,
				1406B88A2C7720710093ACAB /* Foundation.ttf in Resources */,
				1406B8812C7720710093ACAB /* Feather.ttf in Resources */,
				1406B8872C7720710093ACAB /* FontAwesome6_Regular.ttf in Resources */,
				1406B88D2C7720710093ACAB /* MaterialIcons.ttf in Resources */,
				1406B88F2C7720710093ACAB /* SimpleLineIcons.ttf in Resources */,
				1406B8902C7720710093ACAB /* Zocial.ttf in Resources */,
				1406B88B2C7720710093ACAB /* Ionicons.ttf in Resources */,
				1406B8842C7720710093ACAB /* FontAwesome5_Regular.ttf in Resources */,
				1406B8802C7720710093ACAB /* EvilIcons.ttf in Resources */,
				1406B8832C7720710093ACAB /* FontAwesome5_Brands.ttf in Resources */,
				1406B8882C7720710093ACAB /* FontAwesome6_Solid.ttf in Resources */,
				1406B88E2C7720710093ACAB /* Octicons.ttf in Resources */,
				1406B8822C7720710093ACAB /* FontAwesome.ttf in Resources */,
				13B07FBF1A68108700A75B9A /* Images.xcassets in Resources */,
				1406B87E2C7720710093ACAB /* AntDesign.ttf in Resources */,
				1406B87F2C7720710093ACAB /* Entypo.ttf in Resources */,
				1406B8852C7720710093ACAB /* FontAwesome5_Solid.ttf in Resources */,
				1406B8892C7720710093ACAB /* Fontisto.ttf in Resources */,
				1406B8862C7720710093ACAB /* FontAwesome6_Brands.ttf in Resources */,
				1406B88C2C7720710093ACAB /* MaterialCommunityIcons.ttf in Resources */,
				507B9384524BD88048DAB5CC /* PrivacyInfo.xcprivacy in Resources */,
				6FDCB7FFF3314BC68F9BC88B /* Pretendard-Bold.ttf in Resources */,
				AAD7BC2EF57742548C171237 /* Pretendard-Medium.ttf in Resources */,
				6F028A37B71E4F52B0EE8EC0 /* Pretendard-Regular.ttf in Resources */,
				01F0B76A030845FABBCE3974 /* Pretendard-SemiBold.ttf in Resources */,
				964D9C9035774C35BFB9670B /* Pretendard-Light.ttf in Resources */,
			);
			runOnlyForDeploymentPostprocessing = 0;
		};
/* End PBXResourcesBuildPhase section */

/* Begin PBXShellScriptBuildPhase section */
		00DD1BFF1BD5951E006B06BC /* Bundle React Native code and images */ = {
			isa = PBXShellScriptBuildPhase;
			buildActionMask = 2147483647;
			files = (
			);
			inputPaths = (
				"$(SRCROOT)/.xcode.env.local",
				"$(SRCROOT)/.xcode.env",
			);
			name = "Bundle React Native code and images";
			outputPaths = (
			);
			runOnlyForDeploymentPostprocessing = 0;
			shellPath = /bin/sh;
			shellScript = "set -e\n\nWITH_ENVIRONMENT=\"$REACT_NATIVE_PATH/scripts/xcode/with-environment.sh\"\nREACT_NATIVE_XCODE=\"$REACT_NATIVE_PATH/scripts/react-native-xcode.sh\"\n\n/bin/sh -c \"$WITH_ENVIRONMENT $REACT_NATIVE_XCODE\"\n";
		};
		465ACB123B4F5BA810C68738 /* [CP] Copy Pods Resources */ = {
			isa = PBXShellScriptBuildPhase;
			buildActionMask = 2147483647;
			files = (
			);
			inputFileListPaths = (
				"${PODS_ROOT}/Target Support Files/Pods-Ddait-DdaitTests/Pods-Ddait-DdaitTests-resources-${CONFIGURATION}-input-files.xcfilelist",
			);
			name = "[CP] Copy Pods Resources";
			outputFileListPaths = (
				"${PODS_ROOT}/Target Support Files/Pods-Ddait-DdaitTests/Pods-Ddait-DdaitTests-resources-${CONFIGURATION}-output-files.xcfilelist",
			);
			runOnlyForDeploymentPostprocessing = 0;
			shellPath = /bin/sh;
			shellScript = "\"${PODS_ROOT}/Target Support Files/Pods-Ddait-DdaitTests/Pods-Ddait-DdaitTests-resources.sh\"\n";
			showEnvVarsInLog = 0;
		};
		517217A02204937FF656ACD6 /* [CP] Check Pods Manifest.lock */ = {
			isa = PBXShellScriptBuildPhase;
			buildActionMask = 2147483647;
			files = (
			);
			inputFileListPaths = (
			);
			inputPaths = (
				"${PODS_PODFILE_DIR_PATH}/Podfile.lock",
				"${PODS_ROOT}/Manifest.lock",
			);
			name = "[CP] Check Pods Manifest.lock";
			outputFileListPaths = (
			);
			outputPaths = (
				"$(DERIVED_FILE_DIR)/Pods-Ddait-DdaitTests-checkManifestLockResult.txt",
			);
			runOnlyForDeploymentPostprocessing = 0;
			shellPath = /bin/sh;
			shellScript = "diff \"${PODS_PODFILE_DIR_PATH}/Podfile.lock\" \"${PODS_ROOT}/Manifest.lock\" > /dev/null\nif [ $? != 0 ] ; then\n    # print error to STDERR\n    echo \"error: The sandbox is not in sync with the Podfile.lock. Run 'pod install' or update your CocoaPods installation.\" >&2\n    exit 1\nfi\n# This output is used by Xcode 'outputs' to avoid re-running this script phase.\necho \"SUCCESS\" > \"${SCRIPT_OUTPUT_FILE_0}\"\n";
			showEnvVarsInLog = 0;
		};
		53FE38DF494C4CA2FFF4EA9F /* [CP] Embed Pods Frameworks */ = {
			isa = PBXShellScriptBuildPhase;
			buildActionMask = 2147483647;
			files = (
			);
			inputFileListPaths = (
				"${PODS_ROOT}/Target Support Files/Pods-Ddait-DdaitTests/Pods-Ddait-DdaitTests-frameworks-${CONFIGURATION}-input-files.xcfilelist",
			);
			name = "[CP] Embed Pods Frameworks";
			outputFileListPaths = (
				"${PODS_ROOT}/Target Support Files/Pods-Ddait-DdaitTests/Pods-Ddait-DdaitTests-frameworks-${CONFIGURATION}-output-files.xcfilelist",
			);
			runOnlyForDeploymentPostprocessing = 0;
			shellPath = /bin/sh;
			shellScript = "\"${PODS_ROOT}/Target Support Files/Pods-Ddait-DdaitTests/Pods-Ddait-DdaitTests-frameworks.sh\"\n";
			showEnvVarsInLog = 0;
		};
		6948EB83333914D4746BC08D /* [CP] Copy Pods Resources */ = {
			isa = PBXShellScriptBuildPhase;
			buildActionMask = 2147483647;
			files = (
			);
			inputFileListPaths = (
				"${PODS_ROOT}/Target Support Files/Pods-Ddait/Pods-Ddait-resources-${CONFIGURATION}-input-files.xcfilelist",
			);
			name = "[CP] Copy Pods Resources";
			outputFileListPaths = (
				"${PODS_ROOT}/Target Support Files/Pods-Ddait/Pods-Ddait-resources-${CONFIGURATION}-output-files.xcfilelist",
			);
			runOnlyForDeploymentPostprocessing = 0;
			shellPath = /bin/sh;
			shellScript = "\"${PODS_ROOT}/Target Support Files/Pods-Ddait/Pods-Ddait-resources.sh\"\n";
			showEnvVarsInLog = 0;
		};
		95C3C58379DFCDDA18CFE224 /* [CP] Embed Pods Frameworks */ = {
			isa = PBXShellScriptBuildPhase;
			buildActionMask = 2147483647;
			files = (
			);
			inputFileListPaths = (
				"${PODS_ROOT}/Target Support Files/Pods-Ddait/Pods-Ddait-frameworks-${CONFIGURATION}-input-files.xcfilelist",
			);
			name = "[CP] Embed Pods Frameworks";
			outputFileListPaths = (
				"${PODS_ROOT}/Target Support Files/Pods-Ddait/Pods-Ddait-frameworks-${CONFIGURATION}-output-files.xcfilelist",
			);
			runOnlyForDeploymentPostprocessing = 0;
			shellPath = /bin/sh;
			shellScript = "\"${PODS_ROOT}/Target Support Files/Pods-Ddait/Pods-Ddait-frameworks.sh\"\n";
			showEnvVarsInLog = 0;
		};
		EA868B249848A6E85E709CE8 /* [CP] Check Pods Manifest.lock */ = {
			isa = PBXShellScriptBuildPhase;
			buildActionMask = 2147483647;
			files = (
			);
			inputFileListPaths = (
			);
			inputPaths = (
				"${PODS_PODFILE_DIR_PATH}/Podfile.lock",
				"${PODS_ROOT}/Manifest.lock",
			);
			name = "[CP] Check Pods Manifest.lock";
			outputFileListPaths = (
			);
			outputPaths = (
				"$(DERIVED_FILE_DIR)/Pods-Ddait-checkManifestLockResult.txt",
			);
			runOnlyForDeploymentPostprocessing = 0;
			shellPath = /bin/sh;
			shellScript = "diff \"${PODS_PODFILE_DIR_PATH}/Podfile.lock\" \"${PODS_ROOT}/Manifest.lock\" > /dev/null\nif [ $? != 0 ] ; then\n    # print error to STDERR\n    echo \"error: The sandbox is not in sync with the Podfile.lock. Run 'pod install' or update your CocoaPods installation.\" >&2\n    exit 1\nfi\n# This output is used by Xcode 'outputs' to avoid re-running this script phase.\necho \"SUCCESS\" > \"${SCRIPT_OUTPUT_FILE_0}\"\n";
			showEnvVarsInLog = 0;
		};
/* End PBXShellScriptBuildPhase section */

/* Begin PBXSourcesBuildPhase section */
		00E356EA1AD99517003FC87E /* Sources */ = {
			isa = PBXSourcesBuildPhase;
			buildActionMask = 2147483647;
			files = (
				00E356F31AD99517003FC87E /* DdaitTests.m in Sources */,
			);
			runOnlyForDeploymentPostprocessing = 0;
		};
		13B07F871A680F5B00A75B9A /* Sources */ = {
			isa = PBXSourcesBuildPhase;
			buildActionMask = 2147483647;
			files = (
				13B07FBC1A68108700A75B9A /* AppDelegate.mm in Sources */,
				13B07FC11A68108700A75B9A /* main.m in Sources */,
			);
			runOnlyForDeploymentPostprocessing = 0;
		};
/* End PBXSourcesBuildPhase section */

/* Begin PBXTargetDependency section */
		00E356F51AD99517003FC87E /* PBXTargetDependency */ = {
			isa = PBXTargetDependency;
			target = 13B07F861A680F5B00A75B9A /* Ddait */;
			targetProxy = 00E356F41AD99517003FC87E /* PBXContainerItemProxy */;
		};
/* End PBXTargetDependency section */

/* Begin XCBuildConfiguration section */
		00E356F61AD99517003FC87E /* Debug */ = {
			isa = XCBuildConfiguration;
			baseConfigurationReference = CA446C11D1AD7A90361F9C61 /* Pods-Ddait-DdaitTests.debug.xcconfig */;
			buildSettings = {
				BUNDLE_LOADER = "$(TEST_HOST)";
				GCC_PREPROCESSOR_DEFINITIONS = (
					"DEBUG=1",
					"$(inherited)",
				);
				INFOPLIST_FILE = DdaitTests/Info.plist;
				IPHONEOS_DEPLOYMENT_TARGET = 13.4;
				LD_RUNPATH_SEARCH_PATHS = (
					"$(inherited)",
					"@executable_path/Frameworks",
					"@loader_path/Frameworks",
				);
				OTHER_LDFLAGS = (
					"-ObjC",
					"-lc++",
					"$(inherited)",
				);
				PRODUCT_BUNDLE_IDENTIFIER = "org.reactjs.native.example.$(PRODUCT_NAME:rfc1034identifier)";
				PRODUCT_NAME = "$(TARGET_NAME)";
				TEST_HOST = "$(BUILT_PRODUCTS_DIR)/Ddait.app/Ddait";
			};
			name = Debug;
		};
		00E356F71AD99517003FC87E /* Release */ = {
			isa = XCBuildConfiguration;
			baseConfigurationReference = 4906C40C219313578A654BB0 /* Pods-Ddait-DdaitTests.release.xcconfig */;
			buildSettings = {
				BUNDLE_LOADER = "$(TEST_HOST)";
				COPY_PHASE_STRIP = NO;
				INFOPLIST_FILE = DdaitTests/Info.plist;
				IPHONEOS_DEPLOYMENT_TARGET = 13.4;
				LD_RUNPATH_SEARCH_PATHS = (
					"$(inherited)",
					"@executable_path/Frameworks",
					"@loader_path/Frameworks",
				);
				OTHER_LDFLAGS = (
					"-ObjC",
					"-lc++",
					"$(inherited)",
				);
				PRODUCT_BUNDLE_IDENTIFIER = "org.reactjs.native.example.$(PRODUCT_NAME:rfc1034identifier)";
				PRODUCT_NAME = "$(TARGET_NAME)";
				TEST_HOST = "$(BUILT_PRODUCTS_DIR)/Ddait.app/Ddait";
			};
			name = Release;
		};
		13B07F941A680F5B00A75B9A /* Debug */ = {
			isa = XCBuildConfiguration;
			baseConfigurationReference = 879E6EBDC619BEABB4C53965 /* Pods-Ddait.debug.xcconfig */;
			buildSettings = {
				ASSETCATALOG_COMPILER_APPICON_NAME = AppIcon;
				CLANG_ENABLE_MODULES = YES;
				CURRENT_PROJECT_VERSION = 1;
				ENABLE_BITCODE = NO;
				INFOPLIST_FILE = Ddait/Info.plist;
				LD_RUNPATH_SEARCH_PATHS = (
					"$(inherited)",
					"@executable_path/Frameworks",
				);
				MARKETING_VERSION = 1.0;
				OTHER_LDFLAGS = (
					"$(inherited)",
					"-ObjC",
					"-lc++",
				);
				PRODUCT_BUNDLE_IDENTIFIER = "org.reactjs.native.example.$(PRODUCT_NAME:rfc1034identifier)";
				PRODUCT_NAME = Ddait;
				SWIFT_OPTIMIZATION_LEVEL = "-Onone";
				SWIFT_VERSION = 5.0;
				VERSIONING_SYSTEM = "apple-generic";
			};
			name = Debug;
		};
		13B07F951A680F5B00A75B9A /* Release */ = {
			isa = XCBuildConfiguration;
			baseConfigurationReference = 0504E689264DEB9B76357077 /* Pods-Ddait.release.xcconfig */;
			buildSettings = {
				ASSETCATALOG_COMPILER_APPICON_NAME = AppIcon;
				CLANG_ENABLE_MODULES = YES;
				CURRENT_PROJECT_VERSION = 1;
				INFOPLIST_FILE = Ddait/Info.plist;
				LD_RUNPATH_SEARCH_PATHS = (
					"$(inherited)",
					"@executable_path/Frameworks",
				);
				MARKETING_VERSION = 1.0;
				OTHER_LDFLAGS = (
					"$(inherited)",
					"-ObjC",
					"-lc++",
				);
				PRODUCT_BUNDLE_IDENTIFIER = "org.reactjs.native.example.$(PRODUCT_NAME:rfc1034identifier)";
				PRODUCT_NAME = Ddait;
				SWIFT_VERSION = 5.0;
				VERSIONING_SYSTEM = "apple-generic";
			};
			name = Release;
		};
		83CBBA201A601CBA00E9B192 /* Debug */ = {
			isa = XCBuildConfiguration;
			buildSettings = {
				ALWAYS_SEARCH_USER_PATHS = NO;
				CC = "";
				CLANG_ANALYZER_LOCALIZABILITY_NONLOCALIZED = YES;
				CLANG_CXX_LANGUAGE_STANDARD = "c++20";
				CLANG_CXX_LIBRARY = "libc++";
				CLANG_ENABLE_MODULES = YES;
				CLANG_ENABLE_OBJC_ARC = YES;
				CLANG_WARN_BLOCK_CAPTURE_AUTORELEASING = YES;
				CLANG_WARN_BOOL_CONVERSION = YES;
				CLANG_WARN_COMMA = YES;
				CLANG_WARN_CONSTANT_CONVERSION = YES;
				CLANG_WARN_DEPRECATED_OBJC_IMPLEMENTATIONS = YES;
				CLANG_WARN_DIRECT_OBJC_ISA_USAGE = YES_ERROR;
				CLANG_WARN_EMPTY_BODY = YES;
				CLANG_WARN_ENUM_CONVERSION = YES;
				CLANG_WARN_INFINITE_RECURSION = YES;
				CLANG_WARN_INT_CONVERSION = YES;
				CLANG_WARN_NON_LITERAL_NULL_CONVERSION = YES;
				CLANG_WARN_OBJC_IMPLICIT_RETAIN_SELF = YES;
				CLANG_WARN_OBJC_LITERAL_CONVERSION = YES;
				CLANG_WARN_OBJC_ROOT_CLASS = YES_ERROR;
				CLANG_WARN_QUOTED_INCLUDE_IN_FRAMEWORK_HEADER = YES;
				CLANG_WARN_RANGE_LOOP_ANALYSIS = YES;
				CLANG_WARN_STRICT_PROTOTYPES = YES;
				CLANG_WARN_SUSPICIOUS_MOVE = YES;
				CLANG_WARN_UNREACHABLE_CODE = YES;
				CLANG_WARN__DUPLICATE_METHOD_MATCH = YES;
				"CODE_SIGN_IDENTITY[sdk=iphoneos*]" = "iPhone Developer";
				COPY_PHASE_STRIP = NO;
				CXX = "";
				ENABLE_STRICT_OBJC_MSGSEND = YES;
				ENABLE_TESTABILITY = YES;
				"EXCLUDED_ARCHS[sdk=iphonesimulator*]" = "";
				GCC_C_LANGUAGE_STANDARD = gnu99;
				GCC_DYNAMIC_NO_PIC = NO;
				GCC_NO_COMMON_BLOCKS = YES;
				GCC_OPTIMIZATION_LEVEL = 0;
				GCC_PREPROCESSOR_DEFINITIONS = (
					"DEBUG=1",
					"$(inherited)",
				);
				GCC_SYMBOLS_PRIVATE_EXTERN = NO;
				GCC_WARN_64_TO_32_BIT_CONVERSION = YES;
				GCC_WARN_ABOUT_RETURN_TYPE = YES_ERROR;
				GCC_WARN_UNDECLARED_SELECTOR = YES;
				GCC_WARN_UNINITIALIZED_AUTOS = YES_AGGRESSIVE;
				GCC_WARN_UNUSED_FUNCTION = YES;
				GCC_WARN_UNUSED_VARIABLE = YES;
				IPHONEOS_DEPLOYMENT_TARGET = 13.4;
				LD = "";
				LDPLUSPLUS = "";
				LD_RUNPATH_SEARCH_PATHS = (
					/usr/lib/swift,
					"$(inherited)",
				);
				LIBRARY_SEARCH_PATHS = (
					"\"$(SDKROOT)/usr/lib/swift\"",
					"\"$(TOOLCHAIN_DIR)/usr/lib/swift/$(PLATFORM_NAME)\"",
					"\"$(inherited)\"",
				);
				MTL_ENABLE_DEBUG_INFO = YES;
				ONLY_ACTIVE_ARCH = YES;
				OTHER_CPLUSPLUSFLAGS = (
					"$(OTHER_CFLAGS)",
					"-DFOLLY_NO_CONFIG",
					"-DFOLLY_MOBILE=1",
					"-DFOLLY_USE_LIBCPP=1",
					"-DFOLLY_CFG_NO_COROUTINES=1",
					"-DFOLLY_HAVE_CLOCK_GETTIME=1",
				);
				OTHER_LDFLAGS = (
					"$(inherited)",
					" ",
				);
				REACT_NATIVE_PATH = "${PODS_ROOT}/../../node_modules/react-native";
				SDKROOT = iphoneos;
				USE_HERMES = true;
			};
			name = Debug;
		};
		83CBBA211A601CBA00E9B192 /* Release */ = {
			isa = XCBuildConfiguration;
			buildSettings = {
				ALWAYS_SEARCH_USER_PATHS = NO;
				CC = "";
				CLANG_ANALYZER_LOCALIZABILITY_NONLOCALIZED = YES;
				CLANG_CXX_LANGUAGE_STANDARD = "c++20";
				CLANG_CXX_LIBRARY = "libc++";
				CLANG_ENABLE_MODULES = YES;
				CLANG_ENABLE_OBJC_ARC = YES;
				CLANG_WARN_BLOCK_CAPTURE_AUTORELEASING = YES;
				CLANG_WARN_BOOL_CONVERSION = YES;
				CLANG_WARN_COMMA = YES;
				CLANG_WARN_CONSTANT_CONVERSION = YES;
				CLANG_WARN_DEPRECATED_OBJC_IMPLEMENTATIONS = YES;
				CLANG_WARN_DIRECT_OBJC_ISA_USAGE = YES_ERROR;
				CLANG_WARN_EMPTY_BODY = YES;
				CLANG_WARN_ENUM_CONVERSION = YES;
				CLANG_WARN_INFINITE_RECURSION = YES;
				CLANG_WARN_INT_CONVERSION = YES;
				CLANG_WARN_NON_LITERAL_NULL_CONVERSION = YES;
				CLANG_WARN_OBJC_IMPLICIT_RETAIN_SELF = YES;
				CLANG_WARN_OBJC_LITERAL_CONVERSION = YES;
				CLANG_WARN_OBJC_ROOT_CLASS = YES_ERROR;
				CLANG_WARN_QUOTED_INCLUDE_IN_FRAMEWORK_HEADER = YES;
				CLANG_WARN_RANGE_LOOP_ANALYSIS = YES;
				CLANG_WARN_STRICT_PROTOTYPES = YES;
				CLANG_WARN_SUSPICIOUS_MOVE = YES;
				CLANG_WARN_UNREACHABLE_CODE = YES;
				CLANG_WARN__DUPLICATE_METHOD_MATCH = YES;
				"CODE_SIGN_IDENTITY[sdk=iphoneos*]" = "iPhone Developer";
				COPY_PHASE_STRIP = YES;
				CXX = "";
				ENABLE_NS_ASSERTIONS = NO;
				ENABLE_STRICT_OBJC_MSGSEND = YES;
				"EXCLUDED_ARCHS[sdk=iphonesimulator*]" = "";
				GCC_C_LANGUAGE_STANDARD = gnu99;
				GCC_NO_COMMON_BLOCKS = YES;
				GCC_WARN_64_TO_32_BIT_CONVERSION = YES;
				GCC_WARN_ABOUT_RETURN_TYPE = YES_ERROR;
				GCC_WARN_UNDECLARED_SELECTOR = YES;
				GCC_WARN_UNINITIALIZED_AUTOS = YES_AGGRESSIVE;
				GCC_WARN_UNUSED_FUNCTION = YES;
				GCC_WARN_UNUSED_VARIABLE = YES;
				IPHONEOS_DEPLOYMENT_TARGET = 13.4;
				LD = "";
				LDPLUSPLUS = "";
				LD_RUNPATH_SEARCH_PATHS = (
					/usr/lib/swift,
					"$(inherited)",
				);
				LIBRARY_SEARCH_PATHS = (
					"\"$(SDKROOT)/usr/lib/swift\"",
					"\"$(TOOLCHAIN_DIR)/usr/lib/swift/$(PLATFORM_NAME)\"",
					"\"$(inherited)\"",
				);
				MTL_ENABLE_DEBUG_INFO = NO;
				OTHER_CPLUSPLUSFLAGS = (
					"$(OTHER_CFLAGS)",
					"-DFOLLY_NO_CONFIG",
					"-DFOLLY_MOBILE=1",
					"-DFOLLY_USE_LIBCPP=1",
					"-DFOLLY_CFG_NO_COROUTINES=1",
					"-DFOLLY_HAVE_CLOCK_GETTIME=1",
				);
				OTHER_LDFLAGS = (
					"$(inherited)",
					" ",
				);
				REACT_NATIVE_PATH = "${PODS_ROOT}/../../node_modules/react-native";
				SDKROOT = iphoneos;
				USE_HERMES = true;
				VALIDATE_PRODUCT = YES;
			};
			name = Release;
		};
/* End XCBuildConfiguration section */

/* Begin XCConfigurationList section */
		00E357021AD99517003FC87E /* Build configuration list for PBXNativeTarget "DdaitTests" */ = {
			isa = XCConfigurationList;
			buildConfigurations = (
				00E356F61AD99517003FC87E /* Debug */,
				00E356F71AD99517003FC87E /* Release */,
			);
			defaultConfigurationIsVisible = 0;
			defaultConfigurationName = Release;
		};
		13B07F931A680F5B00A75B9A /* Build configuration list for PBXNativeTarget "Ddait" */ = {
			isa = XCConfigurationList;
			buildConfigurations = (
				13B07F941A680F5B00A75B9A /* Debug */,
				13B07F951A680F5B00A75B9A /* Release */,
			);
			defaultConfigurationIsVisible = 0;
			defaultConfigurationName = Release;
		};
		83CBB9FA1A601CBA00E9B192 /* Build configuration list for PBXProject "Ddait" */ = {
			isa = XCConfigurationList;
			buildConfigurations = (
				83CBBA201A601CBA00E9B192 /* Debug */,
				83CBBA211A601CBA00E9B192 /* Release */,
			);
			defaultConfigurationIsVisible = 0;
			defaultConfigurationName = Release;
		};
/* End XCConfigurationList section */
	};
	rootObject = 83CBB9F71A601CBA00E9B192 /* Project object */;
}
